
Microsoft Visual Studio Solution File, Format Version 12.00
# Visual Studio Version 17
VisualStudioVersion = 17.14.36109.1
MinimumVisualStudioVersion = 10.0.40219.1
Project("{FAE04EC0-301F-11D3-BF4B-00C04F79EFBC}") = "BookShelf", "BookShelf\BookShelf.csproj", "{2042D0F8-F31B-4869-8C1D-5AF160F788C2}"
EndProject
Project("{FAE04EC0-301F-11D3-BF4B-00C04F79EFBC}") = "BookShelf.DataAccess", "BookShelf.DataAccess\BookShelf.DataAccess.csproj", "{48FFED89-86D1-4CD7-AF1A-8D8B015612BF}"
EndProject
Project("{FAE04EC0-301F-11D3-BF4B-00C04F79EFBC}") = "BookShelf.Models", "BookShelf.Models\BookShelf.Models.csproj", "{AB0B031D-5391-49E8-A7DC-4DAC330DE0F8}"
EndProject
Project("{FAE04EC0-301F-11D3-BF4B-00C04F79EFBC}") = "Utility", "Utility\Utility.csproj", "{0DD9629B-0A2B-4A7C-B1C5-75351E41D179}"
EndProject
Global
	GlobalSection(SolutionConfigurationPlatforms) = preSolution
		Debug|Any CPU = Debug|Any CPU
		Release|Any CPU = Release|Any CPU
	EndGlobalSection
	GlobalSection(ProjectConfigurationPlatforms) = postSolution
		{2042D0F8-F31B-4869-8C1D-5AF160F788C2}.Debug|Any CPU.ActiveCfg = Debug|Any CPU
		{2042D0F8-F31B-4869-8C1D-5AF160F788C2}.Debug|Any CPU.Build.0 = Debug|Any CPU
		{2042D0F8-F31B-4869-8C1D-5AF160F788C2}.Release|Any CPU.ActiveCfg = Release|Any CPU
		{2042D0F8-F31B-4869-8C1D-5AF160F788C2}.Release|Any CPU.Build.0 = Release|Any CPU
		{48FFED89-86D1-4CD7-AF1A-8D8B015612BF}.Debug|Any CPU.ActiveCfg = Debug|Any CPU
		{48FFED89-86D1-4CD7-AF1A-8D8B015612BF}.Debug|Any CPU.Build.0 = Debug|Any CPU
		{48FFED89-86D1-4CD7-AF1A-8D8B015612BF}.Release|Any CPU.ActiveCfg = Release|Any CPU
		{48FFED89-86D1-4CD7-AF1A-8D8B015612BF}.Release|Any CPU.Build.0 = Release|Any CPU
		{AB0B031D-5391-49E8-A7DC-4DAC330DE0F8}.Debug|Any CPU.ActiveCfg = Debug|Any CPU
		{AB0B031D-5391-49E8-A7DC-4DAC330DE0F8}.Debug|Any CPU.Build.0 = Debug|Any CPU
		{AB0B031D-5391-49E8-A7DC-4DAC330DE0F8}.Release|Any CPU.ActiveCfg = Release|Any CPU
		{AB0B031D-5391-49E8-A7DC-4DAC330DE0F8}.Release|Any CPU.Build.0 = Release|Any CPU
		{0DD9629B-0A2B-4A7C-B1C5-75351E41D179}.Debug|Any CPU.ActiveCfg = Debug|Any CPU
		{0DD9629B-0A2B-4A7C-B1C5-75351E41D179}.Debug|Any CPU.Build.0 = Debug|Any CPU
		{0DD9629B-0A2B-4A7C-B1C5-75351E41D179}.Release|Any CPU.ActiveCfg = Release|Any CPU
		{0DD9629B-0A2B-4A7C-B1C5-75351E41D179}.Release|Any CPU.Build.0 = Release|Any CPU
	EndGlobalSection
	GlobalSection(SolutionProperties) = preSolution
		HideSolutionNode = FALSE
	EndGlobalSection
	GlobalSection(ExtensibilityGlobals) = postSolution
		SolutionGuid = {83A2BC79-B4FB-417F-8B98-6DAAB4FC0F00}
	EndGlobalSection
EndGlobal
